
Microsoft Visual Studio Solution File, Format Version 12.00
# Visual Studio Version 16
VisualStudioVersion = 16.0.30523.141
MinimumVisualStudioVersion = 15.0.26124.0
Project("{9A19103F-16F7-4668-BE54-9A1E7A4F7556}") = "hello", "hello\hello.csproj", "{8F19025A-87A7-4127-8C5E-966456BF8E42}"
EndProject
Project("{9A19103F-16F7-4668-BE54-9A1E7A4F7556}") = "tests", "tests\tests.csproj", "{742964BC-2C12-42FC-9B0F-6EC001FD2C4B}"
EndProject
Project("{9A19103F-16F7-4668-BE54-9A1E7A4F7556}") = "hellolib", "hellolib\hellolib.csproj", "{46D1ACD0-D212-4B3A-B8CA-107F0A16326A}"
EndProject
Project("{9A19103F-16F7-4668-BE54-9A1E7A4F7556}") = "dataaccess", "dataaccess\dataaccess.csproj", "{009F5D95-3452-4ED5-9010-4FE1BC0CE46E}"
EndProject
Project("{FAE04EC0-301F-11D3-BF4B-00C04F79EFBC}") = "MyCommonImagesLib", "MyCommonImagesLib\MyCommonImagesLib.csproj", "{078FF74D-3D1B-4BC0-B79F-931F9CEC19D6}"
EndProject
Global
	GlobalSection(SolutionConfigurationPlatforms) = preSolution
		Debug|Any CPU = Debug|Any CPU
		Debug|x64 = Debug|x64
		Debug|x86 = Debug|x86
		Release|Any CPU = Release|Any CPU
		Release|x64 = Release|x64
		Release|x86 = Release|x86
	EndGlobalSection
	GlobalSection(ProjectConfigurationPlatforms) = postSolution
		{8F19025A-87A7-4127-8C5E-966456BF8E42}.Debug|Any CPU.ActiveCfg = Debug|Any CPU
		{8F19025A-87A7-4127-8C5E-966456BF8E42}.Debug|Any CPU.Build.0 = Debug|Any CPU
		{8F19025A-87A7-4127-8C5E-966456BF8E42}.Debug|x64.ActiveCfg = Debug|Any CPU
		{8F19025A-87A7-4127-8C5E-966456BF8E42}.Debug|x64.Build.0 = Debug|Any CPU
		{8F19025A-87A7-4127-8C5E-966456BF8E42}.Debug|x86.ActiveCfg = Debug|Any CPU
		{8F19025A-87A7-4127-8C5E-966456BF8E42}.Debug|x86.Build.0 = Debug|Any CPU
		{8F19025A-87A7-4127-8C5E-966456BF8E42}.Release|Any CPU.ActiveCfg = Release|Any CPU
		{8F19025A-87A7-4127-8C5E-966456BF8E42}.Release|Any CPU.Build.0 = Release|Any CPU
		{8F19025A-87A7-4127-8C5E-966456BF8E42}.Release|x64.ActiveCfg = Release|Any CPU
		{8F19025A-87A7-4127-8C5E-966456BF8E42}.Release|x64.Build.0 = Release|Any CPU
		{8F19025A-87A7-4127-8C5E-966456BF8E42}.Release|x86.ActiveCfg = Release|Any CPU
		{8F19025A-87A7-4127-8C5E-966456BF8E42}.Release|x86.Build.0 = Release|Any CPU
		{742964BC-2C12-42FC-9B0F-6EC001FD2C4B}.Debug|Any CPU.ActiveCfg = Debug|Any CPU
		{742964BC-2C12-42FC-9B0F-6EC001FD2C4B}.Debug|Any CPU.Build.0 = Debug|Any CPU
		{742964BC-2C12-42FC-9B0F-6EC001FD2C4B}.Debug|x64.ActiveCfg = Debug|Any CPU
		{742964BC-2C12-42FC-9B0F-6EC001FD2C4B}.Debug|x64.Build.0 = Debug|Any CPU
		{742964BC-2C12-42FC-9B0F-6EC001FD2C4B}.Debug|x86.ActiveCfg = Debug|Any CPU
		{742964BC-2C12-42FC-9B0F-6EC001FD2C4B}.Debug|x86.Build.0 = Debug|Any CPU
		{742964BC-2C12-42FC-9B0F-6EC001FD2C4B}.Release|Any CPU.ActiveCfg = Release|Any CPU
		{742964BC-2C12-42FC-9B0F-6EC001FD2C4B}.Release|Any CPU.Build.0 = Release|Any CPU
		{742964BC-2C12-42FC-9B0F-6EC001FD2C4B}.Release|x64.ActiveCfg = Release|Any CPU
		{742964BC-2C12-42FC-9B0F-6EC001FD2C4B}.Release|x64.Build.0 = Release|Any CPU
		{742964BC-2C12-42FC-9B0F-6EC001FD2C4B}.Release|x86.ActiveCfg = Release|Any CPU
		{742964BC-2C12-42FC-9B0F-6EC001FD2C4B}.Release|x86.Build.0 = Release|Any CPU
		{46D1ACD0-D212-4B3A-B8CA-107F0A16326A}.Debug|Any CPU.ActiveCfg = Debug|Any CPU
		{46D1ACD0-D212-4B3A-B8CA-107F0A16326A}.Debug|Any CPU.Build.0 = Debug|Any CPU
		{46D1ACD0-D212-4B3A-B8CA-107F0A16326A}.Debug|x64.ActiveCfg = Debug|Any CPU
		{46D1ACD0-D212-4B3A-B8CA-107F0A16326A}.Debug|x64.Build.0 = Debug|Any CPU
		{46D1ACD0-D212-4B3A-B8CA-107F0A16326A}.Debug|x86.ActiveCfg = Debug|Any CPU
		{46D1ACD0-D212-4B3A-B8CA-107F0A16326A}.Debug|x86.Build.0 = Debug|Any CPU
		{46D1ACD0-D212-4B3A-B8CA-107F0A16326A}.Release|Any CPU.ActiveCfg = Release|Any CPU
		{46D1ACD0-D212-4B3A-B8CA-107F0A16326A}.Release|Any CPU.Build.0 = Release|Any CPU
		{46D1ACD0-D212-4B3A-B8CA-107F0A16326A}.Release|x64.ActiveCfg = Release|Any CPU
		{46D1ACD0-D212-4B3A-B8CA-107F0A16326A}.Release|x64.Build.0 = Release|Any CPU
		{46D1ACD0-D212-4B3A-B8CA-107F0A16326A}.Release|x86.ActiveCfg = Release|Any CPU
		{46D1ACD0-D212-4B3A-B8CA-107F0A16326A}.Release|x86.Build.0 = Release|Any CPU
		{009F5D95-3452-4ED5-9010-4FE1BC0CE46E}.Debug|Any CPU.ActiveCfg = Debug|Any CPU
		{009F5D95-3452-4ED5-9010-4FE1BC0CE46E}.Debug|Any CPU.Build.0 = Debug|Any CPU
		{009F5D95-3452-4ED5-9010-4FE1BC0CE46E}.Debug|x64.ActiveCfg = Debug|Any CPU
		{009F5D95-3452-4ED5-9010-4FE1BC0CE46E}.Debug|x64.Build.0 = Debug|Any CPU
		{009F5D95-3452-4ED5-9010-4FE1BC0CE46E}.Debug|x86.ActiveCfg = Debug|Any CPU
		{009F5D95-3452-4ED5-9010-4FE1BC0CE46E}.Debug|x86.Build.0 = Debug|Any CPU
		{009F5D95-3452-4ED5-9010-4FE1BC0CE46E}.Release|Any CPU.ActiveCfg = Release|Any CPU
		{009F5D95-3452-4ED5-9010-4FE1BC0CE46E}.Release|Any CPU.Build.0 = Release|Any CPU
		{009F5D95-3452-4ED5-9010-4FE1BC0CE46E}.Release|x64.ActiveCfg = Release|Any CPU
		{009F5D95-3452-4ED5-9010-4FE1BC0CE46E}.Release|x64.Build.0 = Release|Any CPU
		{009F5D95-3452-4ED5-9010-4FE1BC0CE46E}.Release|x86.ActiveCfg = Release|Any CPU
		{009F5D95-3452-4ED5-9010-4FE1BC0CE46E}.Release|x86.Build.0 = Release|Any CPU
		{078FF74D-3D1B-4BC0-B79F-931F9CEC19D6}.Debug|Any CPU.ActiveCfg = Debug|Any CPU
		{078FF74D-3D1B-4BC0-B79F-931F9CEC19D6}.Debug|Any CPU.Build.0 = Debug|Any CPU
		{078FF74D-3D1B-4BC0-B79F-931F9CEC19D6}.Debug|x64.ActiveCfg = Debug|Any CPU
		{078FF74D-3D1B-4BC0-B79F-931F9CEC19D6}.Debug|x64.Build.0 = Debug|Any CPU
		{078FF74D-3D1B-4BC0-B79F-931F9CEC19D6}.Debug|x86.ActiveCfg = Debug|Any CPU
		{078FF74D-3D1B-4BC0-B79F-931F9CEC19D6}.Debug|x86.Build.0 = Debug|Any CPU
		{078FF74D-3D1B-4BC0-B79F-931F9CEC19D6}.Release|Any CPU.ActiveCfg = Release|Any CPU
		{078FF74D-3D1B-4BC0-B79F-931F9CEC19D6}.Release|Any CPU.Build.0 = Release|Any CPU
		{078FF74D-3D1B-4BC0-B79F-931F9CEC19D6}.Release|x64.ActiveCfg = Release|Any CPU
		{078FF74D-3D1B-4BC0-B79F-931F9CEC19D6}.Release|x64.Build.0 = Release|Any CPU
		{078FF74D-3D1B-4BC0-B79F-931F9CEC19D6}.Release|x86.ActiveCfg = Release|Any CPU
		{078FF74D-3D1B-4BC0-B79F-931F9CEC19D6}.Release|x86.Build.0 = Release|Any CPU
	EndGlobalSection
	GlobalSection(SolutionProperties) = preSolution
		HideSolutionNode = FALSE
	EndGlobalSection
	GlobalSection(ExtensibilityGlobals) = postSolution
		SolutionGuid = {24705B02-3050-4908-8529-28D08092E4B3}
	EndGlobalSection
EndGlobal
